// !$*UTF8*$!
{
	archiveVersion = 1;
	classes = {
	};
	objectVersion = 50;
	objects = {

/* Begin PBXBuildFile section */
		67A5DDE92356EB4300AC1507 /* AppDelegate.swift in Sources */ = {isa = PBXBuildFile; fileRef = 67A5DDE82356EB4300AC1507 /* AppDelegate.swift */; };
		67A5DDEB2356EB4300AC1507 /* SceneDelegate.swift in Sources */ = {isa = PBXBuildFile; fileRef = 67A5DDEA2356EB4300AC1507 /* SceneDelegate.swift */; };
		67A5DDED2356EB4300AC1507 /* ViewController.swift in Sources */ = {isa = PBXBuildFile; fileRef = 67A5DDEC2356EB4300AC1507 /* ViewController.swift */; };
		67A5DDF02356EB4300AC1507 /* Main.storyboard in Resources */ = {isa = PBXBuildFile; fileRef = 67A5DDEE2356EB4300AC1507 /* Main.storyboard */; };
		67A5DDF32356EB4300AC1507 /* Save_Items_To_KeyChain.xcdatamodeld in Sources */ = {isa = PBXBuildFile; fileRef = 67A5DDF12356EB4300AC1507 /* Save_Items_To_KeyChain.xcdatamodeld */; };
		67A5DDF52356EB4400AC1507 /* Assets.xcassets in Resources */ = {isa = PBXBuildFile; fileRef = 67A5DDF42356EB4400AC1507 /* Assets.xcassets */; };
		67A5DDF82356EB4400AC1507 /* LaunchScreen.storyboard in Resources */ = {isa = PBXBuildFile; fileRef = 67A5DDF62356EB4400AC1507 /* LaunchScreen.storyboard */; };
		67A5DE032356EB4400AC1507 /* Save_Items_To_KeyChainTests.swift in Sources */ = {isa = PBXBuildFile; fileRef = 67A5DE022356EB4400AC1507 /* Save_Items_To_KeyChainTests.swift */; };
		67A5DE0E2356EB5800AC1507 /* KeyChainWorker.swift in Sources */ = {isa = PBXBuildFile; fileRef = 67A5DE0D2356EB5800AC1507 /* KeyChainWorker.swift */; };
/* End PBXBuildFile section */

/* Begin PBXContainerItemProxy section */
		67A5DDFF2356EB4400AC1507 /* PBXContainerItemProxy */ = {
			isa = PBXContainerItemProxy;
			containerPortal = 67A5DDDD2356EB4300AC1507 /* Project object */;
			proxyType = 1;
			remoteGlobalIDString = 67A5DDE42356EB4300AC1507;
			remoteInfo = "Save Items To KeyChain";
		};
/* End PBXContainerItemProxy section */

/* Begin PBXFileReference section */
		67A5DDE52356EB4300AC1507 /* Save Items To KeyChain.app */ = {isa = PBXFileReference; explicitFileType = wrapper.application; includeInIndex = 0; path = "Save Items To KeyChain.app"; sourceTree = BUILT_PRODUCTS_DIR; };
		67A5DDE82356EB4300AC1507 /* AppDelegate.swift */ = {isa = PBXFileReference; lastKnownFileType = sourcecode.swift; path = AppDelegate.swift; sourceTree = "<group>"; };
		67A5DDEA2356EB4300AC1507 /* SceneDelegate.swift */ = {isa = PBXFileReference; lastKnownFileType = sourcecode.swift; path = SceneDelegate.swift; sourceTree = "<group>"; };
		67A5DDEC2356EB4300AC1507 /* ViewController.swift */ = {isa = PBXFileReference; lastKnownFileType = sourcecode.swift; path = ViewController.swift; sourceTree = "<group>"; };
		67A5DDEF2356EB4300AC1507 /* Base */ = {isa = PBXFileReference; lastKnownFileType = file.storyboard; name = Base; path = Base.lproj/Main.storyboard; sourceTree = "<group>"; };
		67A5DDF22356EB4300AC1507 /* Save_Items_To_KeyChain.xcdatamodel */ = {isa = PBXFileReference; lastKnownFileType = wrapper.xcdatamodel; path = Save_Items_To_KeyChain.xcdatamodel; sourceTree = "<group>"; };
		67A5DDF42356EB4400AC1507 /* Assets.xcassets */ = {isa = PBXFileReference; lastKnownFileType = folder.assetcatalog; path = Assets.xcassets; sourceTree = "<group>"; };
		67A5DDF72356EB4400AC1507 /* Base */ = {isa = PBXFileReference; lastKnownFileType = file.storyboard; name = Base; path = Base.lproj/LaunchScreen.storyboard; sourceTree = "<group>"; };
		67A5DDF92356EB4400AC1507 /* Info.plist */ = {isa = PBXFileReference; lastKnownFileType = text.plist.xml; path = Info.plist; sourceTree = "<group>"; };
		67A5DDFE2356EB4400AC1507 /* Save Items To KeyChainTests.xctest */ = {isa = PBXFileReference; explicitFileType = wrapper.cfbundle; includeInIndex = 0; path = "Save Items To KeyChainTests.xctest"; sourceTree = BUILT_PRODUCTS_DIR; };
		67A5DE022356EB4400AC1507 /* Save_Items_To_KeyChainTests.swift */ = {isa = PBXFileReference; lastKnownFileType = sourcecode.swift; path = Save_Items_To_KeyChainTests.swift; sourceTree = "<group>"; };
		67A5DE042356EB4400AC1507 /* Info.plist */ = {isa = PBXFileReference; lastKnownFileType = text.plist.xml; path = Info.plist; sourceTree = "<group>"; };
		67A5DE0D2356EB5800AC1507 /* KeyChainWorker.swift */ = {isa = PBXFileReference; lastKnownFileType = sourcecode.swift; path = KeyChainWorker.swift; sourceTree = "<group>"; };
/* End PBXFileReference section */

/* Begin PBXFrameworksBuildPhase section */
		67A5DDE22356EB4300AC1507 /* Frameworks */ = {
			isa = PBXFrameworksBuildPhase;
			buildActionMask = 2147483647;
			files = (
			);
			runOnlyForDeploymentPostprocessing = 0;
		};
		67A5DDFB2356EB4400AC1507 /* Frameworks */ = {
			isa = PBXFrameworksBuildPhase;
			buildActionMask = 2147483647;
			files = (
			);
			runOnlyForDeploymentPostprocessing = 0;
		};
/* End PBXFrameworksBuildPhase section */

/* Begin PBXGroup section */
		67A5DDDC2356EB4300AC1507 = {
			isa = PBXGroup;
			children = (
				67A5DDE72356EB4300AC1507 /* Save Items To KeyChain */,
				67A5DE012356EB4400AC1507 /* Save Items To KeyChainTests */,
				67A5DDE62356EB4300AC1507 /* Products */,
			);
			sourceTree = "<group>";
		};
		67A5DDE62356EB4300AC1507 /* Products */ = {
			isa = PBXGroup;
			children = (
				67A5DDE52356EB4300AC1507 /* Save Items To KeyChain.app */,
				67A5DDFE2356EB4400AC1507 /* Save Items To KeyChainTests.xctest */,
			);
			name = Products;
			sourceTree = "<group>";
		};
		67A5DDE72356EB4300AC1507 /* Save Items To KeyChain */ = {
			isa = PBXGroup;
			children = (
				67A5DDE82356EB4300AC1507 /* AppDelegate.swift */,
				67A5DDEA2356EB4300AC1507 /* SceneDelegate.swift */,
				67A5DDEC2356EB4300AC1507 /* ViewController.swift */,
				67A5DDEE2356EB4300AC1507 /* Main.storyboard */,
				67A5DDF42356EB4400AC1507 /* Assets.xcassets */,
				67A5DDF62356EB4400AC1507 /* LaunchScreen.storyboard */,
				67A5DDF92356EB4400AC1507 /* Info.plist */,
				67A5DDF12356EB4300AC1507 /* Save_Items_To_KeyChain.xcdatamodeld */,
				67A5DE0D2356EB5800AC1507 /* KeyChainWorker.swift */,
			);
			path = "Save Items To KeyChain";
			sourceTree = "<group>";
		};
		67A5DE012356EB4400AC1507 /* Save Items To KeyChainTests */ = {
			isa = PBXGroup;
			children = (
				67A5DE022356EB4400AC1507 /* Save_Items_To_KeyChainTests.swift */,
				67A5DE042356EB4400AC1507 /* Info.plist */,
			);
			path = "Save Items To KeyChainTests";
			sourceTree = "<group>";
		};
/* End PBXGroup section */

/* Begin PBXNativeTarget section */
		67A5DDE42356EB4300AC1507 /* Save Items To KeyChain */ = {
			isa = PBXNativeTarget;
			buildConfigurationList = 67A5DE072356EB4400AC1507 /* Build configuration list for PBXNativeTarget "Save Items To KeyChain" */;
			buildPhases = (
				67A5DDE12356EB4300AC1507 /* Sources */,
				67A5DDE22356EB4300AC1507 /* Frameworks */,
				67A5DDE32356EB4300AC1507 /* Resources */,
			);
			buildRules = (
			);
			dependencies = (
			);
			name = "Save Items To KeyChain";
			productName = "Save Items To KeyChain";
			productReference = 67A5DDE52356EB4300AC1507 /* Save Items To KeyChain.app */;
			productType = "com.apple.product-type.application";
		};
		67A5DDFD2356EB4400AC1507 /* Save Items To KeyChainTests */ = {
			isa = PBXNativeTarget;
			buildConfigurationList = 67A5DE0A2356EB4400AC1507 /* Build configuration list for PBXNativeTarget "Save Items To KeyChainTests" */;
			buildPhases = (
				67A5DDFA2356EB4400AC1507 /* Sources */,
				67A5DDFB2356EB4400AC1507 /* Frameworks */,
				67A5DDFC2356EB4400AC1507 /* Resources */,
			);
			buildRules = (
			);
			dependencies = (
				67A5DE002356EB4400AC1507 /* PBXTargetDependency */,
			);
			name = "Save Items To KeyChainTests";
			productName = "Save Items To KeyChainTests";
			productReference = 67A5DDFE2356EB4400AC1507 /* Save Items To KeyChainTests.xctest */;
			productType = "com.apple.product-type.bundle.unit-test";
		};
/* End PBXNativeTarget section */

/* Begin PBXProject section */
		67A5DDDD2356EB4300AC1507 /* Project object */ = {
			isa = PBXProject;
			attributes = {
				LastSwiftUpdateCheck = 1110;
				LastUpgradeCheck = 1110;
				ORGANIZATIONNAME = "Sos Avetyan";
				TargetAttributes = {
					67A5DDE42356EB4300AC1507 = {
						CreatedOnToolsVersion = 11.1;
					};
					67A5DDFD2356EB4400AC1507 = {
						CreatedOnToolsVersion = 11.1;
						TestTargetID = 67A5DDE42356EB4300AC1507;
					};
				};
			};
			buildConfigurationList = 67A5DDE02356EB4300AC1507 /* Build configuration list for PBXProject "Save Items To KeyChain" */;
			compatibilityVersion = "Xcode 9.3";
			developmentRegion = en;
			hasScannedForEncodings = 0;
			knownRegions = (
				en,
				Base,
			);
			mainGroup = 67A5DDDC2356EB4300AC1507;
			productRefGroup = 67A5DDE62356EB4300AC1507 /* Products */;
			projectDirPath = "";
			projectRoot = "";
			targets = (
				67A5DDE42356EB4300AC1507 /* Save Items To KeyChain */,
				67A5DDFD2356EB4400AC1507 /* Save Items To KeyChainTests */,
			);
		};
/* End PBXProject section */

/* Begin PBXResourcesBuildPhase section */
		67A5DDE32356EB4300AC1507 /* Resources */ = {
			isa = PBXResourcesBuildPhase;
			buildActionMask = 2147483647;
			files = (
				67A5DDF82356EB4400AC1507 /* LaunchScreen.storyboard in Resources */,
				67A5DDF52356EB4400AC1507 /* Assets.xcassets in Resources */,
				67A5DDF02356EB4300AC1507 /* Main.storyboard in Resources */,
			);
			runOnlyForDeploymentPostprocessing = 0;
		};
		67A5DDFC2356EB4400AC1507 /* Resources */ = {
			isa = PBXResourcesBuildPhase;
			buildActionMask = 2147483647;
			files = (
			);
			runOnlyForDeploymentPostprocessing = 0;
		};
/* End PBXResourcesBuildPhase section */

/* Begin PBXSourcesBuildPhase section */
		67A5DDE12356EB4300AC1507 /* Sources */ = {
			isa = PBXSourcesBuildPhase;
			buildActionMask = 2147483647;
			files = (
				67A5DDF32356EB4300AC1507 /* Save_Items_To_KeyChain.xcdatamodeld in Sources */,
				67A5DDED2356EB4300AC1507 /* ViewController.swift in Sources */,
				67A5DE0E2356EB5800AC1507 /* KeyChainWorker.swift in Sources */,
				67A5DDE92356EB4300AC1507 /* AppDelegate.swift in Sources */,
				67A5DDEB2356EB4300AC1507 /* SceneDelegate.swift in Sources */,
			);
			runOnlyForDeploymentPostprocessing = 0;
		};
		67A5DDFA2356EB4400AC1507 /* Sources */ = {
			isa = PBXSourcesBuildPhase;
			buildActionMask = 2147483647;
			files = (
				67A5DE032356EB4400AC1507 /* Save_Items_To_KeyChainTests.swift in Sources */,
			);
			runOnlyForDeploymentPostprocessing = 0;
		};
/* End PBXSourcesBuildPhase section */

/* Begin PBXTargetDependency section */
		67A5DE002356EB4400AC1507 /* PBXTargetDependency */ = {
			isa = PBXTargetDependency;
			target = 67A5DDE42356EB4300AC1507 /* Save Items To KeyChain */;
			targetProxy = 67A5DDFF2356EB4400AC1507 /* PBXContainerItemProxy */;
		};
/* End PBXTargetDependency section */

/* Begin PBXVariantGroup section */
		67A5DDEE2356EB4300AC1507 /* Main.storyboard */ = {
			isa = PBXVariantGroup;
			children = (
				67A5DDEF2356EB4300AC1507 /* Base */,
			);
			name = Main.storyboard;
			sourceTree = "<group>";
		};
		67A5DDF62356EB4400AC1507 /* LaunchScreen.storyboard */ = {
			isa = PBXVariantGroup;
			children = (
				67A5DDF72356EB4400AC1507 /* Base */,
			);
			name = LaunchScreen.storyboard;
			sourceTree = "<group>";
		};
/* End PBXVariantGroup section */

/* Begin XCBuildConfiguration section */
		67A5DE052356EB4400AC1507 /* Debug */ = {
			isa = XCBuildConfiguration;
			buildSettings = {
				ALWAYS_SEARCH_USER_PATHS = NO;
				CLANG_ANALYZER_NONNULL = YES;
				CLANG_ANALYZER_NUMBER_OBJECT_CONVERSION = YES_AGGRESSIVE;
				CLANG_CXX_LANGUAGE_STANDARD = "gnu++14";
				CLANG_CXX_LIBRARY = "libc++";
				CLANG_ENABLE_MODULES = YES;
				CLANG_ENABLE_OBJC_ARC = YES;
				CLANG_ENABLE_OBJC_WEAK = YES;
				CLANG_WARN_BLOCK_CAPTURE_AUTORELEASING = YES;
				CLANG_WARN_BOOL_CONVERSION = YES;
				CLANG_WARN_COMMA = YES;
				CLANG_WARN_CONSTANT_CONVERSION = YES;
				CLANG_WARN_DEPRECATED_OBJC_IMPLEMENTATIONS = YES;
				CLANG_WARN_DIRECT_OBJC_ISA_USAGE = YES_ERROR;
				CLANG_WARN_DOCUMENTATION_COMMENTS = YES;
				CLANG_WARN_EMPTY_BODY = YES;
				CLANG_WARN_ENUM_CONVERSION = YES;
				CLANG_WARN_INFINITE_RECURSION = YES;
				CLANG_WARN_INT_CONVERSION = YES;
				CLANG_WARN_NON_LITERAL_NULL_CONVERSION = YES;
				CLANG_WARN_OBJC_IMPLICIT_RETAIN_SELF = YES;
				CLANG_WARN_OBJC_LITERAL_CONVERSION = YES;
				CLANG_WARN_OBJC_ROOT_CLASS = YES_ERROR;
				CLANG_WARN_RANGE_LOOP_ANALYSIS = YES;
				CLANG_WARN_STRICT_PROTOTYPES = YES;
				CLANG_WARN_SUSPICIOUS_MOVE = YES;
				CLANG_WARN_UNGUARDED_AVAILABILITY = YES_AGGRESSIVE;
				CLANG_WARN_UNREACHABLE_CODE = YES;
				CLANG_WARN__DUPLICATE_METHOD_MATCH = YES;
				COPY_PHASE_STRIP = NO;
				DEBUG_INFORMATION_FORMAT = dwarf;
				ENABLE_STRICT_OBJC_MSGSEND = YES;
				ENABLE_TESTABILITY = YES;
				GCC_C_LANGUAGE_STANDARD = gnu11;
				GCC_DYNAMIC_NO_PIC = NO;
				GCC_NO_COMMON_BLOCKS = YES;
				GCC_OPTIMIZATION_LEVEL = 0;
				GCC_PREPROCESSOR_DEFINITIONS = (
					"DEBUG=1",
					"$(inherited)",
				);
				GCC_WARN_64_TO_32_BIT_CONVERSION = YES;
				GCC_WARN_ABOUT_RETURN_TYPE = YES_ERROR;
				GCC_WARN_UNDECLARED_SELECTOR = YES;
				GCC_WARN_UNINITIALIZED_AUTOS = YES_AGGRESSIVE;
				GCC_WARN_UNUSED_FUNCTION = YES;
				GCC_WARN_UNUSED_VARIABLE = YES;
				IPHONEOS_DEPLOYMENT_TARGET = 13.1;
				MTL_ENABLE_DEBUG_INFO = INCLUDE_SOURCE;
				MTL_FAST_MATH = YES;
				ONLY_ACTIVE_ARCH = YES;
				SDKROOT = iphoneos;
				SWIFT_ACTIVE_COMPILATION_CONDITIONS = DEBUG;
				SWIFT_OPTIMIZATION_LEVEL = "-Onone";
			};
			name = Debug;
		};
		67A5DE062356EB4400AC1507 /* Release */ = {
			isa = XCBuildConfiguration;
			buildSettings = {
				ALWAYS_SEARCH_USER_PATHS = NO;
				CLANG_ANALYZER_NONNULL = YES;
				CLANG_ANALYZER_NUMBER_OBJECT_CONVERSION = YES_AGGRESSIVE;
				CLANG_CXX_LANGUAGE_STANDARD = "gnu++14";
				CLANG_CXX_LIBRARY = "libc++";
				CLANG_ENABLE_MODULES = YES;
				CLANG_ENABLE_OBJC_ARC = YES;
				CLANG_ENABLE_OBJC_WEAK = YES;
				CLANG_WARN_BLOCK_CAPTURE_AUTORELEASING = YES;
				CLANG_WARN_BOOL_CONVERSION = YES;
				CLANG_WARN_COMMA = YES;
				CLANG_WARN_CONSTANT_CONVERSION = YES;
				CLANG_WARN_DEPRECATED_OBJC_IMPLEMENTATIONS = YES;
				CLANG_WARN_DIRECT_OBJC_ISA_USAGE = YES_ERROR;
				CLANG_WARN_DOCUMENTATION_COMMENTS = YES;
				CLANG_WARN_EMPTY_BODY = YES;
				CLANG_WARN_ENUM_CONVERSION = YES;
				CLANG_WARN_INFINITE_RECURSION = YES;
				CLANG_WARN_INT_CONVERSION = YES;
				CLANG_WARN_NON_LITERAL_NULL_CONVERSION = YES;
				CLANG_WARN_OBJC_IMPLICIT_RETAIN_SELF = YES;
				CLANG_WARN_OBJC_LITERAL_CONVERSION = YES;
				CLANG_WARN_OBJC_ROOT_CLASS = YES_ERROR;
				CLANG_WARN_RANGE_LOOP_ANALYSIS = YES;
				CLANG_WARN_STRICT_PROTOTYPES = YES;
				CLANG_WARN_SUSPICIOUS_MOVE = YES;
				CLANG_WARN_UNGUARDED_AVAILABILITY = YES_AGGRESSIVE;
				CLANG_WARN_UNREACHABLE_CODE = YES;
				CLANG_WARN__DUPLICATE_METHOD_MATCH = YES;
				COPY_PHASE_STRIP = NO;
				DEBUG_INFORMATION_FORMAT = "dwarf-with-dsym";
				ENABLE_NS_ASSERTIONS = NO;
				ENABLE_STRICT_OBJC_MSGSEND = YES;
				GCC_C_LANGUAGE_STANDARD = gnu11;
				GCC_NO_COMMON_BLOCKS = YES;
				GCC_WARN_64_TO_32_BIT_CONVERSION = YES;
				GCC_WARN_ABOUT_RETURN_TYPE = YES_ERROR;
				GCC_WARN_UNDECLARED_SELECTOR = YES;
				GCC_WARN_UNINITIALIZED_AUTOS = YES_AGGRESSIVE;
				GCC_WARN_UNUSED_FUNCTION = YES;
				GCC_WARN_UNUSED_VARIABLE = YES;
				IPHONEOS_DEPLOYMENT_TARGET = 13.1;
				MTL_ENABLE_DEBUG_INFO = NO;
				MTL_FAST_MATH = YES;
				SDKROOT = iphoneos;
				SWIFT_COMPILATION_MODE = wholemodule;
				SWIFT_OPTIMIZATION_LEVEL = "-O";
				VALIDATE_PRODUCT = YES;
			};
			name = Release;
		};
		67A5DE082356EB4400AC1507 /* Debug */ = {
			isa = XCBuildConfiguration;
			buildSettings = {
				ASSETCATALOG_COMPILER_APPICON_NAME = AppIcon;
				CODE_SIGN_STYLE = Automatic;
				DEVELOPMENT_TEAM = 882Y7347Y5;
				INFOPLIST_FILE = "Save Items To KeyChain/Info.plist";
				LD_RUNPATH_SEARCH_PATHS = (
					"$(inherited)",
					"@executable_path/Frameworks",
				);
				PRODUCT_BUNDLE_IDENTIFIER = "SA.Save-Items-To-KeyChain";
				PRODUCT_NAME = "$(TARGET_NAME)";
				SWIFT_VERSION = 5.0;
				TARGETED_DEVICE_FAMILY = "1,2";
			};
			name = Debug;
		};
		67A5DE092356EB4400AC1507 /* Release */ = {
			isa = XCBuildConfiguration;
			buildSettings = {
				ASSETCATALOG_COMPILER_APPICON_NAME = AppIcon;
				CODE_SIGN_STYLE = Automatic;
				DEVELOPMENT_TEAM = 882Y7347Y5;
				INFOPLIST_FILE = "Save Items To KeyChain/Info.plist";
				LD_RUNPATH_SEARCH_PATHS = (
					"$(inherited)",
					"@executable_path/Frameworks",
				);
				PRODUCT_BUNDLE_IDENTIFIER = "SA.Save-Items-To-KeyChain";
				PRODUCT_NAME = "$(TARGET_NAME)";
				SWIFT_VERSION = 5.0;
				TARGETED_DEVICE_FAMILY = "1,2";
			};
			name = Release;
		};
		67A5DE0B2356EB4400AC1507 /* Debug */ = {
			isa = XCBuildConfiguration;
			buildSettings = {
				ALWAYS_EMBED_SWIFT_STANDARD_LIBRARIES = YES;
				BUNDLE_LOADER = "$(TEST_HOST)";
				CODE_SIGN_STYLE = Automatic;
				DEVELOPMENT_TEAM = 882Y7347Y5;
				INFOPLIST_FILE = "Save Items To KeyChainTests/Info.plist";
				IPHONEOS_DEPLOYMENT_TARGET = 13.1;
				LD_RUNPATH_SEARCH_PATHS = (
					"$(inherited)",
					"@executable_path/Frameworks",
					"@loader_path/Frameworks",
				);
				PRODUCT_BUNDLE_IDENTIFIER = "SA.Save-Items-To-KeyChainTests";
				PRODUCT_NAME = "$(TARGET_NAME)";
				SWIFT_VERSION = 5.0;
				TARGETED_DEVICE_FAMILY = "1,2";
				TEST_HOST = "$(BUILT_PRODUCTS_DIR)/Save Items To KeyChain.app/Save Items To KeyChain";
			};
			name = Debug;
		};
		67A5DE0C2356EB4400AC1507 /* Release */ = {
			isa = XCBuildConfiguration;
			buildSettings = {
				ALWAYS_EMBED_SWIFT_STANDARD_LIBRARIES = YES;
				BUNDLE_LOADER = "$(TEST_HOST)";
				CODE_SIGN_STYLE = Automatic;
				DEVELOPMENT_TEAM = 882Y7347Y5;
				INFOPLIST_FILE = "Save Items To KeyChainTests/Info.plist";
				IPHONEOS_DEPLOYMENT_TARGET = 13.1;
				LD_RUNPATH_SEARCH_PATHS = (
					"$(inherited)",
					"@executable_path/Frameworks",
					"@loader_path/Frameworks",
				);
				PRODUCT_BUNDLE_IDENTIFIER = "SA.Save-Items-To-KeyChainTests";
				PRODUCT_NAME = "$(TARGET_NAME)";
				SWIFT_VERSION = 5.0;
				TARGETED_DEVICE_FAMILY = "1,2";
				TEST_HOST = "$(BUILT_PRODUCTS_DIR)/Save Items To KeyChain.app/Save Items To KeyChain";
			};
			name = Release;
		};
/* End XCBuildConfiguration section */

/* Begin XCConfigurationList section */
		67A5DDE02356EB4300AC1507 /* Build configuration list for PBXProject "Save Items To KeyChain" */ = {
			isa = XCConfigurationList;
			buildConfigurations = (
				67A5DE052356EB4400AC1507 /* Debug */,
				67A5DE062356EB4400AC1507 /* Release */,
			);
			defaultConfigurationIsVisible = 0;
			defaultConfigurationName = Release;
		};
		67A5DE072356EB4400AC1507 /* Build configuration list for PBXNativeTarget "Save Items To KeyChain" */ = {
			isa = XCConfigurationList;
			buildConfigurations = (
				67A5DE082356EB4400AC1507 /* Debug */,
				67A5DE092356EB4400AC1507 /* Release */,
			);
			defaultConfigurationIsVisible = 0;
			defaultConfigurationName = Release;
		};
		67A5DE0A2356EB4400AC1507 /* Build configuration list for PBXNativeTarget "Save Items To KeyChainTests" */ = {
			isa = XCConfigurationList;
			buildConfigurations = (
				67A5DE0B2356EB4400AC1507 /* Debug */,
				67A5DE0C2356EB4400AC1507 /* Release */,
			);
			defaultConfigurationIsVisible = 0;
			defaultConfigurationName = Release;
		};
/* End XCConfigurationList section */

/* Begin XCVersionGroup section */
		67A5DDF12356EB4300AC1507 /* Save_Items_To_KeyChain.xcdatamodeld */ = {
			isa = XCVersionGroup;
			children = (
				67A5DDF22356EB4300AC1507 /* Save_Items_To_KeyChain.xcdatamodel */,
			);
			currentVersion = 67A5DDF22356EB4300AC1507 /* Save_Items_To_KeyChain.xcdatamodel */;
			path = Save_Items_To_KeyChain.xcdatamodeld;
			sourceTree = "<group>";
			versionGroupType = wrapper.xcdatamodel;
		};
/* End XCVersionGroup section */
	};
	rootObject = 67A5DDDD2356EB4300AC1507 /* Project object */;
}
